
Microsoft Visual Studio Solution File, Format Version 12.00
# Visual Studio Version 17
VisualStudioVersion = 17.0.31903.59
MinimumVisualStudioVersion = 10.0.40219.1
Project("{2150E333-8FDC-42A3-9474-1A3956D46DE8}") = "src", "src", "{827E0CD3-B72D-47B6-A68D-7590B98EB39B}"
EndProject
Project("{FAE04EC0-301F-11D3-BF4B-00C04F79EFBC}") = "RallyAPI.Host", "src\RallyAPI.Host\RallyAPI.Host.csproj", "{45A12550-02EA-4370-886A-2C03DE1A0C58}"
EndProject
Project("{FAE04EC0-301F-11D3-BF4B-00C04F79EFBC}") = "RallyAPI.Infrastructure", "src\RallyAPI.Infrastructure\RallyAPI.Infrastructure.csproj", "{C4E116FD-71AF-4419-9DD5-D7EAFA0F278C}"
EndProject
Project("{2150E333-8FDC-42A3-9474-1A3956D46DE8}") = "Modules", "Modules", "{EC447DCF-ABFA-6E24-52A5-D7FD48A5C558}"
EndProject
Project("{2150E333-8FDC-42A3-9474-1A3956D46DE8}") = "Users", "Users", "{A26F344D-182E-CE53-AD51-2154946AC6F3}"
EndProject
Project("{FAE04EC0-301F-11D3-BF4B-00C04F79EFBC}") = "RallyAPI.Users.Domain", "src\Modules\Users\RallyAPI.Users.Domain\RallyAPI.Users.Domain.csproj", "{B16CCA9A-1A89-4128-B5C5-B1CF94A963ED}"
EndProject
Project("{FAE04EC0-301F-11D3-BF4B-00C04F79EFBC}") = "RallyAPI.Users.Application", "src\Modules\Users\RallyAPI.Users.Application\RallyAPI.Users.Application.csproj", "{FB6EBBEC-ACBE-4A60-A9BC-634F495716CD}"
EndProject
Project("{FAE04EC0-301F-11D3-BF4B-00C04F79EFBC}") = "RallyAPI.Users.Infrastructure", "src\Modules\Users\RallyAPI.Users.Infrastructure\RallyAPI.Users.Infrastructure.csproj", "{50C5ADF2-B0B6-4610-A2B1-F16844CB6D9C}"
EndProject
Project("{FAE04EC0-301F-11D3-BF4B-00C04F79EFBC}") = "RallyAPI.Users.Endpoints", "src\Modules\Users\RallyAPI.Users.Endpoints\RallyAPI.Users.Endpoints.csproj", "{3201304B-F128-4F29-9104-979B4B3EB5DF}"
EndProject
Project("{FAE04EC0-301F-11D3-BF4B-00C04F79EFBC}") = "RallyAPI.SharedKernel", "src\RallyAPI.SharedKernel\RallyAPI.SharedKernel.csproj", "{EE52AF85-651C-49BD-BE3E-9C2B0C476527}"
EndProject
Project("{2150E333-8FDC-42A3-9474-1A3956D46DE8}") = "Catalog", "Catalog", "{1E1EF545-4C18-AEE2-B997-7EF431518D3F}"
EndProject
Project("{FAE04EC0-301F-11D3-BF4B-00C04F79EFBC}") = "RallyAPI.Catalog.Domain", "src\Modules\Catalog\RallyAPI.Catalog.Domain\RallyAPI.Catalog.Domain.csproj", "{56F23E05-D800-4739-90E9-123283E8F75A}"
EndProject
Project("{FAE04EC0-301F-11D3-BF4B-00C04F79EFBC}") = "RallyAPI.Catalog.Application", "src\Modules\Catalog\RallyAPI.Catalog.Application\RallyAPI.Catalog.Application.csproj", "{95AB8424-FF72-48D5-8B9D-1F13A4B6EC5A}"
EndProject
Project("{FAE04EC0-301F-11D3-BF4B-00C04F79EFBC}") = "RallyAPI.Catalog.Infrastructure", "src\Modules\Catalog\RallyAPI.Catalog.Infrastructure\RallyAPI.Catalog.Infrastructure.csproj", "{3A6D8CDA-3DD0-4A1B-9D2C-17923D1DA10E}"
EndProject
Project("{FAE04EC0-301F-11D3-BF4B-00C04F79EFBC}") = "RallyAPI.Catalog.Endpoints", "src\Modules\Catalog\RallyAPI.Catalog.Endpoints\RallyAPI.Catalog.Endpoints.csproj", "{2D988968-E441-4B0E-BA57-31B0526A4AED}"
EndProject
Project("{2150E333-8FDC-42A3-9474-1A3956D46DE8}") = "Pricing", "Pricing", "{02EA681E-C7D8-13C7-8484-4AC65E1B71E8}"
EndProject
Project("{FAE04EC0-301F-11D3-BF4B-00C04F79EFBC}") = "RallyAPI.Pricing.Domain", "RallyAPI.Pricing.Domain\RallyAPI.Pricing.Domain.csproj", "{CA5AE578-ED58-4DEE-9D72-FDB9B3F5CA91}"
EndProject
Project("{FAE04EC0-301F-11D3-BF4B-00C04F79EFBC}") = "RallyAPI.Pricing.Application", "RallyAPI.Pricing.Application\RallyAPI.Pricing.Application.csproj", "{7CF79AC5-E1FA-4796-9DEA-72AA0F1BA395}"
EndProject
Project("{FAE04EC0-301F-11D3-BF4B-00C04F79EFBC}") = "RallyAPI.Pricing.Infrastructure", "RallyAPI.Pricing.Infrastructure\RallyAPI.Pricing.Infrastructure.csproj", "{20450EFE-2C2D-4363-B28F-DFDCD8A3B92A}"
EndProject
Project("{FAE04EC0-301F-11D3-BF4B-00C04F79EFBC}") = "RallyAPI.Pricing.Endpoints", "RallyAPI.Pricing.Endpoints\RallyAPI.Pricing.Endpoints.csproj", "{7DACEFBB-7EF5-459F-91B9-8E359FBA5A4C}"
EndProject
Global
	GlobalSection(SolutionConfigurationPlatforms) = preSolution
		Debug|Any CPU = Debug|Any CPU
		Debug|x64 = Debug|x64
		Debug|x86 = Debug|x86
		Release|Any CPU = Release|Any CPU
		Release|x64 = Release|x64
		Release|x86 = Release|x86
	EndGlobalSection
	GlobalSection(ProjectConfigurationPlatforms) = postSolution
		{45A12550-02EA-4370-886A-2C03DE1A0C58}.Debug|Any CPU.ActiveCfg = Debug|Any CPU
		{45A12550-02EA-4370-886A-2C03DE1A0C58}.Debug|Any CPU.Build.0 = Debug|Any CPU
		{45A12550-02EA-4370-886A-2C03DE1A0C58}.Debug|x64.ActiveCfg = Debug|Any CPU
		{45A12550-02EA-4370-886A-2C03DE1A0C58}.Debug|x64.Build.0 = Debug|Any CPU
		{45A12550-02EA-4370-886A-2C03DE1A0C58}.Debug|x86.ActiveCfg = Debug|Any CPU
		{45A12550-02EA-4370-886A-2C03DE1A0C58}.Debug|x86.Build.0 = Debug|Any CPU
		{45A12550-02EA-4370-886A-2C03DE1A0C58}.Release|Any CPU.ActiveCfg = Release|Any CPU
		{45A12550-02EA-4370-886A-2C03DE1A0C58}.Release|Any CPU.Build.0 = Release|Any CPU
		{45A12550-02EA-4370-886A-2C03DE1A0C58}.Release|x64.ActiveCfg = Release|Any CPU
		{45A12550-02EA-4370-886A-2C03DE1A0C58}.Release|x64.Build.0 = Release|Any CPU
		{45A12550-02EA-4370-886A-2C03DE1A0C58}.Release|x86.ActiveCfg = Release|Any CPU
		{45A12550-02EA-4370-886A-2C03DE1A0C58}.Release|x86.Build.0 = Release|Any CPU
		{C4E116FD-71AF-4419-9DD5-D7EAFA0F278C}.Debug|Any CPU.ActiveCfg = Debug|Any CPU
		{C4E116FD-71AF-4419-9DD5-D7EAFA0F278C}.Debug|Any CPU.Build.0 = Debug|Any CPU
		{C4E116FD-71AF-4419-9DD5-D7EAFA0F278C}.Debug|x64.ActiveCfg = Debug|Any CPU
		{C4E116FD-71AF-4419-9DD5-D7EAFA0F278C}.Debug|x64.Build.0 = Debug|Any CPU
		{C4E116FD-71AF-4419-9DD5-D7EAFA0F278C}.Debug|x86.ActiveCfg = Debug|Any CPU
		{C4E116FD-71AF-4419-9DD5-D7EAFA0F278C}.Debug|x86.Build.0 = Debug|Any CPU
		{C4E116FD-71AF-4419-9DD5-D7EAFA0F278C}.Release|Any CPU.ActiveCfg = Release|Any CPU
		{C4E116FD-71AF-4419-9DD5-D7EAFA0F278C}.Release|Any CPU.Build.0 = Release|Any CPU
		{C4E116FD-71AF-4419-9DD5-D7EAFA0F278C}.Release|x64.ActiveCfg = Release|Any CPU
		{C4E116FD-71AF-4419-9DD5-D7EAFA0F278C}.Release|x64.Build.0 = Release|Any CPU
		{C4E116FD-71AF-4419-9DD5-D7EAFA0F278C}.Release|x86.ActiveCfg = Release|Any CPU
		{C4E116FD-71AF-4419-9DD5-D7EAFA0F278C}.Release|x86.Build.0 = Release|Any CPU
		{B16CCA9A-1A89-4128-B5C5-B1CF94A963ED}.Debug|Any CPU.ActiveCfg = Debug|Any CPU
		{B16CCA9A-1A89-4128-B5C5-B1CF94A963ED}.Debug|Any CPU.Build.0 = Debug|Any CPU
		{B16CCA9A-1A89-4128-B5C5-B1CF94A963ED}.Debug|x64.ActiveCfg = Debug|Any CPU
		{B16CCA9A-1A89-4128-B5C5-B1CF94A963ED}.Debug|x64.Build.0 = Debug|Any CPU
		{B16CCA9A-1A89-4128-B5C5-B1CF94A963ED}.Debug|x86.ActiveCfg = Debug|Any CPU
		{B16CCA9A-1A89-4128-B5C5-B1CF94A963ED}.Debug|x86.Build.0 = Debug|Any CPU
		{B16CCA9A-1A89-4128-B5C5-B1CF94A963ED}.Release|Any CPU.ActiveCfg = Release|Any CPU
		{B16CCA9A-1A89-4128-B5C5-B1CF94A963ED}.Release|Any CPU.Build.0 = Release|Any CPU
		{B16CCA9A-1A89-4128-B5C5-B1CF94A963ED}.Release|x64.ActiveCfg = Release|Any CPU
		{B16CCA9A-1A89-4128-B5C5-B1CF94A963ED}.Release|x64.Build.0 = Release|Any CPU
		{B16CCA9A-1A89-4128-B5C5-B1CF94A963ED}.Release|x86.ActiveCfg = Release|Any CPU
		{B16CCA9A-1A89-4128-B5C5-B1CF94A963ED}.Release|x86.Build.0 = Release|Any CPU
		{FB6EBBEC-ACBE-4A60-A9BC-634F495716CD}.Debug|Any CPU.ActiveCfg = Debug|Any CPU
		{FB6EBBEC-ACBE-4A60-A9BC-634F495716CD}.Debug|Any CPU.Build.0 = Debug|Any CPU
		{FB6EBBEC-ACBE-4A60-A9BC-634F495716CD}.Debug|x64.ActiveCfg = Debug|Any CPU
		{FB6EBBEC-ACBE-4A60-A9BC-634F495716CD}.Debug|x64.Build.0 = Debug|Any CPU
		{FB6EBBEC-ACBE-4A60-A9BC-634F495716CD}.Debug|x86.ActiveCfg = Debug|Any CPU
		{FB6EBBEC-ACBE-4A60-A9BC-634F495716CD}.Debug|x86.Build.0 = Debug|Any CPU
		{FB6EBBEC-ACBE-4A60-A9BC-634F495716CD}.Release|Any CPU.ActiveCfg = Release|Any CPU
		{FB6EBBEC-ACBE-4A60-A9BC-634F495716CD}.Release|Any CPU.Build.0 = Release|Any CPU
		{FB6EBBEC-ACBE-4A60-A9BC-634F495716CD}.Release|x64.ActiveCfg = Release|Any CPU
		{FB6EBBEC-ACBE-4A60-A9BC-634F495716CD}.Release|x64.Build.0 = Release|Any CPU
		{FB6EBBEC-ACBE-4A60-A9BC-634F495716CD}.Release|x86.ActiveCfg = Release|Any CPU
		{FB6EBBEC-ACBE-4A60-A9BC-634F495716CD}.Release|x86.Build.0 = Release|Any CPU
		{50C5ADF2-B0B6-4610-A2B1-F16844CB6D9C}.Debug|Any CPU.ActiveCfg = Debug|Any CPU
		{50C5ADF2-B0B6-4610-A2B1-F16844CB6D9C}.Debug|Any CPU.Build.0 = Debug|Any CPU
		{50C5ADF2-B0B6-4610-A2B1-F16844CB6D9C}.Debug|x64.ActiveCfg = Debug|Any CPU
		{50C5ADF2-B0B6-4610-A2B1-F16844CB6D9C}.Debug|x64.Build.0 = Debug|Any CPU
		{50C5ADF2-B0B6-4610-A2B1-F16844CB6D9C}.Debug|x86.ActiveCfg = Debug|Any CPU
		{50C5ADF2-B0B6-4610-A2B1-F16844CB6D9C}.Debug|x86.Build.0 = Debug|Any CPU
		{50C5ADF2-B0B6-4610-A2B1-F16844CB6D9C}.Release|Any CPU.ActiveCfg = Release|Any CPU
		{50C5ADF2-B0B6-4610-A2B1-F16844CB6D9C}.Release|Any CPU.Build.0 = Release|Any CPU
		{50C5ADF2-B0B6-4610-A2B1-F16844CB6D9C}.Release|x64.ActiveCfg = Release|Any CPU
		{50C5ADF2-B0B6-4610-A2B1-F16844CB6D9C}.Release|x64.Build.0 = Release|Any CPU
		{50C5ADF2-B0B6-4610-A2B1-F16844CB6D9C}.Release|x86.ActiveCfg = Release|Any CPU
		{50C5ADF2-B0B6-4610-A2B1-F16844CB6D9C}.Release|x86.Build.0 = Release|Any CPU
		{3201304B-F128-4F29-9104-979B4B3EB5DF}.Debug|Any CPU.ActiveCfg = Debug|Any CPU
		{3201304B-F128-4F29-9104-979B4B3EB5DF}.Debug|Any CPU.Build.0 = Debug|Any CPU
		{3201304B-F128-4F29-9104-979B4B3EB5DF}.Debug|x64.ActiveCfg = Debug|Any CPU
		{3201304B-F128-4F29-9104-979B4B3EB5DF}.Debug|x64.Build.0 = Debug|Any CPU
		{3201304B-F128-4F29-9104-979B4B3EB5DF}.Debug|x86.ActiveCfg = Debug|Any CPU
		{3201304B-F128-4F29-9104-979B4B3EB5DF}.Debug|x86.Build.0 = Debug|Any CPU
		{3201304B-F128-4F29-9104-979B4B3EB5DF}.Release|Any CPU.ActiveCfg = Release|Any CPU
		{3201304B-F128-4F29-9104-979B4B3EB5DF}.Release|Any CPU.Build.0 = Release|Any CPU
		{3201304B-F128-4F29-9104-979B4B3EB5DF}.Release|x64.ActiveCfg = Release|Any CPU
		{3201304B-F128-4F29-9104-979B4B3EB5DF}.Release|x64.Build.0 = Release|Any CPU
		{3201304B-F128-4F29-9104-979B4B3EB5DF}.Release|x86.ActiveCfg = Release|Any CPU
		{3201304B-F128-4F29-9104-979B4B3EB5DF}.Release|x86.Build.0 = Release|Any CPU
		{EE52AF85-651C-49BD-BE3E-9C2B0C476527}.Debug|Any CPU.ActiveCfg = Debug|Any CPU
		{EE52AF85-651C-49BD-BE3E-9C2B0C476527}.Debug|Any CPU.Build.0 = Debug|Any CPU
		{EE52AF85-651C-49BD-BE3E-9C2B0C476527}.Debug|x64.ActiveCfg = Debug|Any CPU
		{EE52AF85-651C-49BD-BE3E-9C2B0C476527}.Debug|x64.Build.0 = Debug|Any CPU
		{EE52AF85-651C-49BD-BE3E-9C2B0C476527}.Debug|x86.ActiveCfg = Debug|Any CPU
		{EE52AF85-651C-49BD-BE3E-9C2B0C476527}.Debug|x86.Build.0 = Debug|Any CPU
		{EE52AF85-651C-49BD-BE3E-9C2B0C476527}.Release|Any CPU.ActiveCfg = Release|Any CPU
		{EE52AF85-651C-49BD-BE3E-9C2B0C476527}.Release|Any CPU.Build.0 = Release|Any CPU
		{EE52AF85-651C-49BD-BE3E-9C2B0C476527}.Release|x64.ActiveCfg = Release|Any CPU
		{EE52AF85-651C-49BD-BE3E-9C2B0C476527}.Release|x64.Build.0 = Release|Any CPU
		{EE52AF85-651C-49BD-BE3E-9C2B0C476527}.Release|x86.ActiveCfg = Release|Any CPU
		{EE52AF85-651C-49BD-BE3E-9C2B0C476527}.Release|x86.Build.0 = Release|Any CPU
		{56F23E05-D800-4739-90E9-123283E8F75A}.Debug|Any CPU.ActiveCfg = Debug|Any CPU
		{56F23E05-D800-4739-90E9-123283E8F75A}.Debug|Any CPU.Build.0 = Debug|Any CPU
		{56F23E05-D800-4739-90E9-123283E8F75A}.Debug|x64.ActiveCfg = Debug|Any CPU
		{56F23E05-D800-4739-90E9-123283E8F75A}.Debug|x64.Build.0 = Debug|Any CPU
		{56F23E05-D800-4739-90E9-123283E8F75A}.Debug|x86.ActiveCfg = Debug|Any CPU
		{56F23E05-D800-4739-90E9-123283E8F75A}.Debug|x86.Build.0 = Debug|Any CPU
		{56F23E05-D800-4739-90E9-123283E8F75A}.Release|Any CPU.ActiveCfg = Release|Any CPU
		{56F23E05-D800-4739-90E9-123283E8F75A}.Release|Any CPU.Build.0 = Release|Any CPU
		{56F23E05-D800-4739-90E9-123283E8F75A}.Release|x64.ActiveCfg = Release|Any CPU
		{56F23E05-D800-4739-90E9-123283E8F75A}.Release|x64.Build.0 = Release|Any CPU
		{56F23E05-D800-4739-90E9-123283E8F75A}.Release|x86.ActiveCfg = Release|Any CPU
		{56F23E05-D800-4739-90E9-123283E8F75A}.Release|x86.Build.0 = Release|Any CPU
		{95AB8424-FF72-48D5-8B9D-1F13A4B6EC5A}.Debug|Any CPU.ActiveCfg = Debug|Any CPU
		{95AB8424-FF72-48D5-8B9D-1F13A4B6EC5A}.Debug|Any CPU.Build.0 = Debug|Any CPU
		{95AB8424-FF72-48D5-8B9D-1F13A4B6EC5A}.Debug|x64.ActiveCfg = Debug|Any CPU
		{95AB8424-FF72-48D5-8B9D-1F13A4B6EC5A}.Debug|x64.Build.0 = Debug|Any CPU
		{95AB8424-FF72-48D5-8B9D-1F13A4B6EC5A}.Debug|x86.ActiveCfg = Debug|Any CPU
		{95AB8424-FF72-48D5-8B9D-1F13A4B6EC5A}.Debug|x86.Build.0 = Debug|Any CPU
		{95AB8424-FF72-48D5-8B9D-1F13A4B6EC5A}.Release|Any CPU.ActiveCfg = Release|Any CPU
		{95AB8424-FF72-48D5-8B9D-1F13A4B6EC5A}.Release|Any CPU.Build.0 = Release|Any CPU
		{95AB8424-FF72-48D5-8B9D-1F13A4B6EC5A}.Release|x64.ActiveCfg = Release|Any CPU
		{95AB8424-FF72-48D5-8B9D-1F13A4B6EC5A}.Release|x64.Build.0 = Release|Any CPU
		{95AB8424-FF72-48D5-8B9D-1F13A4B6EC5A}.Release|x86.ActiveCfg = Release|Any CPU
		{95AB8424-FF72-48D5-8B9D-1F13A4B6EC5A}.Release|x86.Build.0 = Release|Any CPU
		{3A6D8CDA-3DD0-4A1B-9D2C-17923D1DA10E}.Debug|Any CPU.ActiveCfg = Debug|Any CPU
		{3A6D8CDA-3DD0-4A1B-9D2C-17923D1DA10E}.Debug|Any CPU.Build.0 = Debug|Any CPU
		{3A6D8CDA-3DD0-4A1B-9D2C-17923D1DA10E}.Debug|x64.ActiveCfg = Debug|Any CPU
		{3A6D8CDA-3DD0-4A1B-9D2C-17923D1DA10E}.Debug|x64.Build.0 = Debug|Any CPU
		{3A6D8CDA-3DD0-4A1B-9D2C-17923D1DA10E}.Debug|x86.ActiveCfg = Debug|Any CPU
		{3A6D8CDA-3DD0-4A1B-9D2C-17923D1DA10E}.Debug|x86.Build.0 = Debug|Any CPU
		{3A6D8CDA-3DD0-4A1B-9D2C-17923D1DA10E}.Release|Any CPU.ActiveCfg = Release|Any CPU
		{3A6D8CDA-3DD0-4A1B-9D2C-17923D1DA10E}.Release|Any CPU.Build.0 = Release|Any CPU
		{3A6D8CDA-3DD0-4A1B-9D2C-17923D1DA10E}.Release|x64.ActiveCfg = Release|Any CPU
		{3A6D8CDA-3DD0-4A1B-9D2C-17923D1DA10E}.Release|x64.Build.0 = Release|Any CPU
		{3A6D8CDA-3DD0-4A1B-9D2C-17923D1DA10E}.Release|x86.ActiveCfg = Release|Any CPU
		{3A6D8CDA-3DD0-4A1B-9D2C-17923D1DA10E}.Release|x86.Build.0 = Release|Any CPU
		{2D988968-E441-4B0E-BA57-31B0526A4AED}.Debug|Any CPU.ActiveCfg = Debug|Any CPU
		{2D988968-E441-4B0E-BA57-31B0526A4AED}.Debug|Any CPU.Build.0 = Debug|Any CPU
		{2D988968-E441-4B0E-BA57-31B0526A4AED}.Debug|x64.ActiveCfg = Debug|Any CPU
		{2D988968-E441-4B0E-BA57-31B0526A4AED}.Debug|x64.Build.0 = Debug|Any CPU
		{2D988968-E441-4B0E-BA57-31B0526A4AED}.Debug|x86.ActiveCfg = Debug|Any CPU
		{2D988968-E441-4B0E-BA57-31B0526A4AED}.Debug|x86.Build.0 = Debug|Any CPU
		{2D988968-E441-4B0E-BA57-31B0526A4AED}.Release|Any CPU.ActiveCfg = Release|Any CPU
		{2D988968-E441-4B0E-BA57-31B0526A4AED}.Release|Any CPU.Build.0 = Release|Any CPU
		{2D988968-E441-4B0E-BA57-31B0526A4AED}.Release|x64.ActiveCfg = Release|Any CPU
		{2D988968-E441-4B0E-BA57-31B0526A4AED}.Release|x64.Build.0 = Release|Any CPU
		{2D988968-E441-4B0E-BA57-31B0526A4AED}.Release|x86.ActiveCfg = Release|Any CPU
		{2D988968-E441-4B0E-BA57-31B0526A4AED}.Release|x86.Build.0 = Release|Any CPU
		{CA5AE578-ED58-4DEE-9D72-FDB9B3F5CA91}.Debug|Any CPU.ActiveCfg = Debug|Any CPU
		{CA5AE578-ED58-4DEE-9D72-FDB9B3F5CA91}.Debug|Any CPU.Build.0 = Debug|Any CPU
		{CA5AE578-ED58-4DEE-9D72-FDB9B3F5CA91}.Debug|x64.ActiveCfg = Debug|Any CPU
		{CA5AE578-ED58-4DEE-9D72-FDB9B3F5CA91}.Debug|x64.Build.0 = Debug|Any CPU
		{CA5AE578-ED58-4DEE-9D72-FDB9B3F5CA91}.Debug|x86.ActiveCfg = Debug|Any CPU
		{CA5AE578-ED58-4DEE-9D72-FDB9B3F5CA91}.Debug|x86.Build.0 = Debug|Any CPU
		{CA5AE578-ED58-4DEE-9D72-FDB9B3F5CA91}.Release|Any CPU.ActiveCfg = Release|Any CPU
		{CA5AE578-ED58-4DEE-9D72-FDB9B3F5CA91}.Release|Any CPU.Build.0 = Release|Any CPU
		{CA5AE578-ED58-4DEE-9D72-FDB9B3F5CA91}.Release|x64.ActiveCfg = Release|Any CPU
		{CA5AE578-ED58-4DEE-9D72-FDB9B3F5CA91}.Release|x64.Build.0 = Release|Any CPU
		{CA5AE578-ED58-4DEE-9D72-FDB9B3F5CA91}.Release|x86.ActiveCfg = Release|Any CPU
		{CA5AE578-ED58-4DEE-9D72-FDB9B3F5CA91}.Release|x86.Build.0 = Release|Any CPU
		{7CF79AC5-E1FA-4796-9DEA-72AA0F1BA395}.Debug|Any CPU.ActiveCfg = Debug|Any CPU
		{7CF79AC5-E1FA-4796-9DEA-72AA0F1BA395}.Debug|Any CPU.Build.0 = Debug|Any CPU
		{7CF79AC5-E1FA-4796-9DEA-72AA0F1BA395}.Debug|x64.ActiveCfg = Debug|Any CPU
		{7CF79AC5-E1FA-4796-9DEA-72AA0F1BA395}.Debug|x64.Build.0 = Debug|Any CPU
		{7CF79AC5-E1FA-4796-9DEA-72AA0F1BA395}.Debug|x86.ActiveCfg = Debug|Any CPU
		{7CF79AC5-E1FA-4796-9DEA-72AA0F1BA395}.Debug|x86.Build.0 = Debug|Any CPU
		{7CF79AC5-E1FA-4796-9DEA-72AA0F1BA395}.Release|Any CPU.ActiveCfg = Release|Any CPU
		{7CF79AC5-E1FA-4796-9DEA-72AA0F1BA395}.Release|Any CPU.Build.0 = Release|Any CPU
		{7CF79AC5-E1FA-4796-9DEA-72AA0F1BA395}.Release|x64.ActiveCfg = Release|Any CPU
		{7CF79AC5-E1FA-4796-9DEA-72AA0F1BA395}.Release|x64.Build.0 = Release|Any CPU
		{7CF79AC5-E1FA-4796-9DEA-72AA0F1BA395}.Release|x86.ActiveCfg = Release|Any CPU
		{7CF79AC5-E1FA-4796-9DEA-72AA0F1BA395}.Release|x86.Build.0 = Release|Any CPU
		{20450EFE-2C2D-4363-B28F-DFDCD8A3B92A}.Debug|Any CPU.ActiveCfg = Debug|Any CPU
		{20450EFE-2C2D-4363-B28F-DFDCD8A3B92A}.Debug|Any CPU.Build.0 = Debug|Any CPU
		{20450EFE-2C2D-4363-B28F-DFDCD8A3B92A}.Debug|x64.ActiveCfg = Debug|Any CPU
		{20450EFE-2C2D-4363-B28F-DFDCD8A3B92A}.Debug|x64.Build.0 = Debug|Any CPU
		{20450EFE-2C2D-4363-B28F-DFDCD8A3B92A}.Debug|x86.ActiveCfg = Debug|Any CPU
		{20450EFE-2C2D-4363-B28F-DFDCD8A3B92A}.Debug|x86.Build.0 = Debug|Any CPU
		{20450EFE-2C2D-4363-B28F-DFDCD8A3B92A}.Release|Any CPU.ActiveCfg = Release|Any CPU
		{20450EFE-2C2D-4363-B28F-DFDCD8A3B92A}.Release|Any CPU.Build.0 = Release|Any CPU
		{20450EFE-2C2D-4363-B28F-DFDCD8A3B92A}.Release|x64.ActiveCfg = Release|Any CPU
		{20450EFE-2C2D-4363-B28F-DFDCD8A3B92A}.Release|x64.Build.0 = Release|Any CPU
		{20450EFE-2C2D-4363-B28F-DFDCD8A3B92A}.Release|x86.ActiveCfg = Release|Any CPU
		{20450EFE-2C2D-4363-B28F-DFDCD8A3B92A}.Release|x86.Build.0 = Release|Any CPU
		{7DACEFBB-7EF5-459F-91B9-8E359FBA5A4C}.Debug|Any CPU.ActiveCfg = Debug|Any CPU
		{7DACEFBB-7EF5-459F-91B9-8E359FBA5A4C}.Debug|Any CPU.Build.0 = Debug|Any CPU
		{7DACEFBB-7EF5-459F-91B9-8E359FBA5A4C}.Debug|x64.ActiveCfg = Debug|Any CPU
		{7DACEFBB-7EF5-459F-91B9-8E359FBA5A4C}.Debug|x64.Build.0 = Debug|Any CPU
		{7DACEFBB-7EF5-459F-91B9-8E359FBA5A4C}.Debug|x86.ActiveCfg = Debug|Any CPU
		{7DACEFBB-7EF5-459F-91B9-8E359FBA5A4C}.Debug|x86.Build.0 = Debug|Any CPU
		{7DACEFBB-7EF5-459F-91B9-8E359FBA5A4C}.Release|Any CPU.ActiveCfg = Release|Any CPU
		{7DACEFBB-7EF5-459F-91B9-8E359FBA5A4C}.Release|Any CPU.Build.0 = Release|Any CPU
		{7DACEFBB-7EF5-459F-91B9-8E359FBA5A4C}.Release|x64.ActiveCfg = Release|Any CPU
		{7DACEFBB-7EF5-459F-91B9-8E359FBA5A4C}.Release|x64.Build.0 = Release|Any CPU
		{7DACEFBB-7EF5-459F-91B9-8E359FBA5A4C}.Release|x86.ActiveCfg = Release|Any CPU
		{7DACEFBB-7EF5-459F-91B9-8E359FBA5A4C}.Release|x86.Build.0 = Release|Any CPU
	EndGlobalSection
	GlobalSection(SolutionProperties) = preSolution
		HideSolutionNode = FALSE
	EndGlobalSection
	GlobalSection(NestedProjects) = preSolution
		{45A12550-02EA-4370-886A-2C03DE1A0C58} = {827E0CD3-B72D-47B6-A68D-7590B98EB39B}
		{C4E116FD-71AF-4419-9DD5-D7EAFA0F278C} = {827E0CD3-B72D-47B6-A68D-7590B98EB39B}
		{EC447DCF-ABFA-6E24-52A5-D7FD48A5C558} = {827E0CD3-B72D-47B6-A68D-7590B98EB39B}
		{A26F344D-182E-CE53-AD51-2154946AC6F3} = {EC447DCF-ABFA-6E24-52A5-D7FD48A5C558}
		{B16CCA9A-1A89-4128-B5C5-B1CF94A963ED} = {A26F344D-182E-CE53-AD51-2154946AC6F3}
		{FB6EBBEC-ACBE-4A60-A9BC-634F495716CD} = {A26F344D-182E-CE53-AD51-2154946AC6F3}
		{50C5ADF2-B0B6-4610-A2B1-F16844CB6D9C} = {A26F344D-182E-CE53-AD51-2154946AC6F3}
		{3201304B-F128-4F29-9104-979B4B3EB5DF} = {A26F344D-182E-CE53-AD51-2154946AC6F3}
		{EE52AF85-651C-49BD-BE3E-9C2B0C476527} = {827E0CD3-B72D-47B6-A68D-7590B98EB39B}
		{1E1EF545-4C18-AEE2-B997-7EF431518D3F} = {EC447DCF-ABFA-6E24-52A5-D7FD48A5C558}
		{56F23E05-D800-4739-90E9-123283E8F75A} = {1E1EF545-4C18-AEE2-B997-7EF431518D3F}
		{95AB8424-FF72-48D5-8B9D-1F13A4B6EC5A} = {1E1EF545-4C18-AEE2-B997-7EF431518D3F}
		{3A6D8CDA-3DD0-4A1B-9D2C-17923D1DA10E} = {1E1EF545-4C18-AEE2-B997-7EF431518D3F}
		{2D988968-E441-4B0E-BA57-31B0526A4AED} = {1E1EF545-4C18-AEE2-B997-7EF431518D3F}
		{02EA681E-C7D8-13C7-8484-4AC65E1B71E8} = {EC447DCF-ABFA-6E24-52A5-D7FD48A5C558}
		{CA5AE578-ED58-4DEE-9D72-FDB9B3F5CA91} = {02EA681E-C7D8-13C7-8484-4AC65E1B71E8}
		{7CF79AC5-E1FA-4796-9DEA-72AA0F1BA395} = {02EA681E-C7D8-13C7-8484-4AC65E1B71E8}
		{20450EFE-2C2D-4363-B28F-DFDCD8A3B92A} = {02EA681E-C7D8-13C7-8484-4AC65E1B71E8}
		{7DACEFBB-7EF5-459F-91B9-8E359FBA5A4C} = {02EA681E-C7D8-13C7-8484-4AC65E1B71E8}
	EndGlobalSection
	GlobalSection(ExtensibilityGlobals) = postSolution
		SolutionGuid = {152BBE83-99C5-41DC-A873-A4483A4FBB52}
	EndGlobalSection
EndGlobal
